
Microsoft Visual Studio Solution File, Format Version 12.00
# Visual Studio 15
VisualStudioVersion = 15.0.27703.2026
MinimumVisualStudioVersion = 10.0.40219.1
Project("{9092AA53-FB77-4645-B42D-1CCCA6BD08BD}") = "X42-FullNode-UI", "X42-FullNode-UI.njsproj", "{9FF872A2-D8C8-49CC-A8DD-61D7C045AD7A}"
EndProject
Global
	GlobalSection(SolutionConfigurationPlatforms) = preSolution
		Debug|Any CPU = Debug|Any CPU
		Release|Any CPU = Release|Any CPU
	EndGlobalSection
	GlobalSection(ProjectConfigurationPlatforms) = postSolution
		{9FF872A2-D8C8-49CC-A8DD-61D7C045AD7A}.Debug|Any CPU.ActiveCfg = Debug|Any CPU
		{9FF872A2-D8C8-49CC-A8DD-61D7C045AD7A}.Debug|Any CPU.Build.0 = Debug|Any CPU
		{9FF872A2-D8C8-49CC-A8DD-61D7C045AD7A}.Release|Any CPU.ActiveCfg = Release|Any CPU
		{9FF872A2-D8C8-49CC-A8DD-61D7C045AD7A}.Release|Any CPU.Build.0 = Release|Any CPU
	EndGlobalSection
	GlobalSection(SolutionProperties) = preSolution
		HideSolutionNode = FALSE
	EndGlobalSection
	GlobalSection(ExtensibilityGlobals) = postSolution
		SolutionGuid = {3BC1A447-A127-44A5-9098-C6F96EE76F7F}
	EndGlobalSection
EndGlobal
